
Microsoft Visual Studio Solution File, Format Version 12.00
# Visual Studio 15
VisualStudioVersion = 15.0.26403.7
MinimumVisualStudioVersion = 10.0.40219.1
Project("{8BC9CEB8-8B4A-11D0-8D11-00A0C91BC942}") = "Controller", "Controller\Controller.vcxproj", "{C5F80730-F44F-4478-BDAE-6634EFC2CA88}"
EndProject
Project("{8BC9CEB8-8B4A-11D0-8D11-00A0C91BC942}") = "Vehicle", "Vehicle\Vehicle.vcxproj", "{310AE150-35E3-4BB2-8BB1-271386CB6D14}"
EndProject
Project("{8BC9CEB8-8B4A-11D0-8D11-00A0C91BC942}") = "pingpair_ack", "..\..\..\Arduino\My Examples\pingpair_ack\pingpair_ack.vcxproj", "{840250F3-1D89-43C0-8A79-0AF332B35C77}"
EndProject
Project("{8BC9CEB8-8B4A-11D0-8D11-00A0C91BC942}") = "GettingStarted_HandlingData", "..\..\..\Arduino\My Examples\GettingStarted_HandlingData\GettingStarted_HandlingData.vcxproj", "{920A04A5-D4E8-4203-81E0-57A2E23AE6E3}"
EndProject
Project("{8BC9CEB8-8B4A-11D0-8D11-00A0C91BC942}") = "pingpair_sleepy", "..\..\..\Arduino\My Examples\pingpair_sleepy\pingpair_sleepy.vcxproj", "{37BDA6B8-AE79-43F5-BF85-19E4344A5C34}"
EndProject
Project("{8BC9CEB8-8B4A-11D0-8D11-00A0C91BC942}") = "scanner", "..\..\..\Arduino\My Examples\scanner\scanner.vcxproj", "{E939A552-6423-4C20-B9AE-DBD387BE10E2}"
EndProject
Project("{8BC9CEB8-8B4A-11D0-8D11-00A0C91BC942}") = "TestChaCha", "..\..\..\Arduino\My Examples\TestChaCha\TestChaCha.vcxproj", "{35FEA13C-2F20-48CA-97FE-B1375F716146}"
EndProject
Project("{8BC9CEB8-8B4A-11D0-8D11-00A0C91BC942}") = "helloworld_rx", "..\..\..\Arduino\My Examples\helloworld_rx\helloworld_rx.vcxproj", "{9C526275-EED2-46DB-BF6D-642417C475E5}"
EndProject
Project("{8BC9CEB8-8B4A-11D0-8D11-00A0C91BC942}") = "Feather_Controller", "Feather_Controller\Feather_Controller.vcxproj", "{61B5D505-F69F-403B-ABF5-5FAAC28A7C31}"
	ProjectSection(ProjectDependencies) = postProject
		{4EB4B8D0-D974-41CF-84A2-3D7372154628} = {4EB4B8D0-D974-41CF-84A2-3D7372154628}
	EndProjectSection
EndProject
Project("{8BC9CEB8-8B4A-11D0-8D11-00A0C91BC942}") = "nRF52controller", "..\..\..\Arduino\My Examples\nRF52controller\nRF52controller.vcxproj", "{F459C357-DD44-4606-A50E-4622245851C4}"
EndProject
Project("{8BC9CEB8-8B4A-11D0-8D11-00A0C91BC942}") = "CANtest", "..\..\..\Arduino\My Examples\CANtest\CANtest.vcxproj", "{65E6EB77-6CD9-42D8-BFAE-1C542D2839AF}"
EndProject
Project("{8BC9CEB8-8B4A-11D0-8D11-00A0C91BC942}") = "Teensy_Vehicle_Controller", "Teensy_Vehicle_Controller\Teensy_Vehicle_Controller.vcxproj", "{663BBF1E-46CE-4960-84AF-0AA5FE0B0954}"
EndProject
Project("{2150E333-8FDC-42A3-9474-1A3956D46DE8}") = "SMET", "SMET", "{DAFF7B5B-F992-4240-A2C3-325CDF879207}"
EndProject
Project("{2150E333-8FDC-42A3-9474-1A3956D46DE8}") = "Arduino Examples", "Arduino Examples", "{F6E130F0-05BD-4FAF-B355-A1383A2B5428}"
EndProject
Project("{2150E333-8FDC-42A3-9474-1A3956D46DE8}") = "Feather Examples", "Feather Examples", "{835E8507-0886-4DBA-BAA1-9769DA3DD276}"
EndProject
Project("{2150E333-8FDC-42A3-9474-1A3956D46DE8}") = "Teensy Examples", "Teensy Examples", "{1348DC88-909A-41E4-8F3A-BCB757ECEAA3}"
EndProject
Project("{8BC9CEB8-8B4A-11D0-8D11-00A0C91BC942}") = "ReadWrite", "..\..\..\Arduino\My Examples\ReadWrite\ReadWrite.vcxproj", "{B7E26F09-A396-4A2A-A931-CA51CBB7E494}"
EndProject
Project("{8BC9CEB8-8B4A-11D0-8D11-00A0C91BC942}") = "adc", "..\..\..\Arduino\My Examples\adc\adc.vcxproj", "{2B5C8F16-A1B2-483E-A656-D4BAAD543748}"
EndProject
Project("{8BC9CEB8-8B4A-11D0-8D11-00A0C91BC942}") = "BarometricPressureSensor", "..\..\..\Arduino\My Examples\BarometricPressureSensor\BarometricPressureSensor.vcxproj", "{A09732C4-5DAF-4A55-8113-FC9C16E6E1AC}"
EndProject
Project("{8BC9CEB8-8B4A-11D0-8D11-00A0C91BC942}") = "sensorapi", "..\..\..\Arduino\My Examples\sensorapi\sensorapi.vcxproj", "{85BACE57-B0A7-4973-ABED-21A797957336}"
EndProject
Project("{8BC9CEB8-8B4A-11D0-8D11-00A0C91BC942}") = "WOLF", "WOLF\WOLF.vcxproj", "{4EB4B8D0-D974-41CF-84A2-3D7372154628}"
EndProject
Global
	GlobalSection(SolutionConfigurationPlatforms) = preSolution
		Debug|x64 = Debug|x64
		Debug|x86 = Debug|x86
		Release|x64 = Release|x64
		Release|x86 = Release|x86
	EndGlobalSection
	GlobalSection(ProjectConfigurationPlatforms) = postSolution
		{C5F80730-F44F-4478-BDAE-6634EFC2CA88}.Debug|x64.ActiveCfg = Debug|Win32
		{C5F80730-F44F-4478-BDAE-6634EFC2CA88}.Debug|x86.ActiveCfg = Debug|Win32
		{C5F80730-F44F-4478-BDAE-6634EFC2CA88}.Debug|x86.Build.0 = Debug|Win32
		{C5F80730-F44F-4478-BDAE-6634EFC2CA88}.Release|x64.ActiveCfg = Release|Win32
		{C5F80730-F44F-4478-BDAE-6634EFC2CA88}.Release|x86.ActiveCfg = Release|Win32
		{C5F80730-F44F-4478-BDAE-6634EFC2CA88}.Release|x86.Build.0 = Release|Win32
		{310AE150-35E3-4BB2-8BB1-271386CB6D14}.Debug|x64.ActiveCfg = Debug|Win32
		{310AE150-35E3-4BB2-8BB1-271386CB6D14}.Debug|x86.ActiveCfg = Debug|Win32
		{310AE150-35E3-4BB2-8BB1-271386CB6D14}.Debug|x86.Build.0 = Debug|Win32
		{310AE150-35E3-4BB2-8BB1-271386CB6D14}.Release|x64.ActiveCfg = Release|Win32
		{310AE150-35E3-4BB2-8BB1-271386CB6D14}.Release|x86.ActiveCfg = Release|Win32
		{310AE150-35E3-4BB2-8BB1-271386CB6D14}.Release|x86.Build.0 = Release|Win32
		{840250F3-1D89-43C0-8A79-0AF332B35C77}.Debug|x64.ActiveCfg = Debug|Win32
		{840250F3-1D89-43C0-8A79-0AF332B35C77}.Debug|x86.ActiveCfg = Debug|Win32
		{840250F3-1D89-43C0-8A79-0AF332B35C77}.Debug|x86.Build.0 = Debug|Win32
		{840250F3-1D89-43C0-8A79-0AF332B35C77}.Release|x64.ActiveCfg = Release|Win32
		{840250F3-1D89-43C0-8A79-0AF332B35C77}.Release|x86.ActiveCfg = Release|Win32
		{840250F3-1D89-43C0-8A79-0AF332B35C77}.Release|x86.Build.0 = Release|Win32
		{920A04A5-D4E8-4203-81E0-57A2E23AE6E3}.Debug|x64.ActiveCfg = Debug|Win32
		{920A04A5-D4E8-4203-81E0-57A2E23AE6E3}.Debug|x86.ActiveCfg = Debug|Win32
		{920A04A5-D4E8-4203-81E0-57A2E23AE6E3}.Debug|x86.Build.0 = Debug|Win32
		{920A04A5-D4E8-4203-81E0-57A2E23AE6E3}.Release|x64.ActiveCfg = Release|Win32
		{920A04A5-D4E8-4203-81E0-57A2E23AE6E3}.Release|x86.ActiveCfg = Release|Win32
		{920A04A5-D4E8-4203-81E0-57A2E23AE6E3}.Release|x86.Build.0 = Release|Win32
		{37BDA6B8-AE79-43F5-BF85-19E4344A5C34}.Debug|x64.ActiveCfg = Debug|Win32
		{37BDA6B8-AE79-43F5-BF85-19E4344A5C34}.Debug|x86.ActiveCfg = Debug|Win32
		{37BDA6B8-AE79-43F5-BF85-19E4344A5C34}.Debug|x86.Build.0 = Debug|Win32
		{37BDA6B8-AE79-43F5-BF85-19E4344A5C34}.Release|x64.ActiveCfg = Release|Win32
		{37BDA6B8-AE79-43F5-BF85-19E4344A5C34}.Release|x86.ActiveCfg = Release|Win32
		{37BDA6B8-AE79-43F5-BF85-19E4344A5C34}.Release|x86.Build.0 = Release|Win32
		{E939A552-6423-4C20-B9AE-DBD387BE10E2}.Debug|x64.ActiveCfg = Debug|Win32
		{E939A552-6423-4C20-B9AE-DBD387BE10E2}.Debug|x86.ActiveCfg = Debug|Win32
		{E939A552-6423-4C20-B9AE-DBD387BE10E2}.Debug|x86.Build.0 = Debug|Win32
		{E939A552-6423-4C20-B9AE-DBD387BE10E2}.Release|x64.ActiveCfg = Release|Win32
		{E939A552-6423-4C20-B9AE-DBD387BE10E2}.Release|x86.ActiveCfg = Release|Win32
		{E939A552-6423-4C20-B9AE-DBD387BE10E2}.Release|x86.Build.0 = Release|Win32
		{35FEA13C-2F20-48CA-97FE-B1375F716146}.Debug|x64.ActiveCfg = Debug|Win32
		{35FEA13C-2F20-48CA-97FE-B1375F716146}.Debug|x86.ActiveCfg = Debug|Win32
		{35FEA13C-2F20-48CA-97FE-B1375F716146}.Debug|x86.Build.0 = Debug|Win32
		{35FEA13C-2F20-48CA-97FE-B1375F716146}.Release|x64.ActiveCfg = Release|Win32
		{35FEA13C-2F20-48CA-97FE-B1375F716146}.Release|x86.ActiveCfg = Release|Win32
		{35FEA13C-2F20-48CA-97FE-B1375F716146}.Release|x86.Build.0 = Release|Win32
		{9C526275-EED2-46DB-BF6D-642417C475E5}.Debug|x64.ActiveCfg = Debug|Win32
		{9C526275-EED2-46DB-BF6D-642417C475E5}.Debug|x86.ActiveCfg = Debug|Win32
		{9C526275-EED2-46DB-BF6D-642417C475E5}.Debug|x86.Build.0 = Debug|Win32
		{9C526275-EED2-46DB-BF6D-642417C475E5}.Release|x64.ActiveCfg = Release|Win32
		{9C526275-EED2-46DB-BF6D-642417C475E5}.Release|x86.ActiveCfg = Release|Win32
		{9C526275-EED2-46DB-BF6D-642417C475E5}.Release|x86.Build.0 = Release|Win32
		{61B5D505-F69F-403B-ABF5-5FAAC28A7C31}.Debug|x64.ActiveCfg = Debug|Win32
		{61B5D505-F69F-403B-ABF5-5FAAC28A7C31}.Debug|x86.ActiveCfg = Debug|Win32
		{61B5D505-F69F-403B-ABF5-5FAAC28A7C31}.Debug|x86.Build.0 = Debug|Win32
		{61B5D505-F69F-403B-ABF5-5FAAC28A7C31}.Release|x64.ActiveCfg = Release|Win32
		{61B5D505-F69F-403B-ABF5-5FAAC28A7C31}.Release|x86.ActiveCfg = Release|Win32
		{61B5D505-F69F-403B-ABF5-5FAAC28A7C31}.Release|x86.Build.0 = Release|Win32
		{F459C357-DD44-4606-A50E-4622245851C4}.Debug|x64.ActiveCfg = Debug|Win32
		{F459C357-DD44-4606-A50E-4622245851C4}.Debug|x86.ActiveCfg = Debug|Win32
		{F459C357-DD44-4606-A50E-4622245851C4}.Debug|x86.Build.0 = Debug|Win32
		{F459C357-DD44-4606-A50E-4622245851C4}.Release|x64.ActiveCfg = Release|Win32
		{F459C357-DD44-4606-A50E-4622245851C4}.Release|x86.ActiveCfg = Release|Win32
		{F459C357-DD44-4606-A50E-4622245851C4}.Release|x86.Build.0 = Release|Win32
		{65E6EB77-6CD9-42D8-BFAE-1C542D2839AF}.Debug|x64.ActiveCfg = Debug|Win32
		{65E6EB77-6CD9-42D8-BFAE-1C542D2839AF}.Debug|x86.ActiveCfg = Debug|Win32
		{65E6EB77-6CD9-42D8-BFAE-1C542D2839AF}.Debug|x86.Build.0 = Debug|Win32
		{65E6EB77-6CD9-42D8-BFAE-1C542D2839AF}.Release|x64.ActiveCfg = Release|Win32
		{65E6EB77-6CD9-42D8-BFAE-1C542D2839AF}.Release|x86.ActiveCfg = Release|Win32
		{65E6EB77-6CD9-42D8-BFAE-1C542D2839AF}.Release|x86.Build.0 = Release|Win32
		{663BBF1E-46CE-4960-84AF-0AA5FE0B0954}.Debug|x64.ActiveCfg = Debug|Win32
		{663BBF1E-46CE-4960-84AF-0AA5FE0B0954}.Debug|x86.ActiveCfg = Debug|Win32
		{663BBF1E-46CE-4960-84AF-0AA5FE0B0954}.Debug|x86.Build.0 = Debug|Win32
		{663BBF1E-46CE-4960-84AF-0AA5FE0B0954}.Release|x64.ActiveCfg = Release|Win32
		{663BBF1E-46CE-4960-84AF-0AA5FE0B0954}.Release|x86.ActiveCfg = Release|Win32
		{663BBF1E-46CE-4960-84AF-0AA5FE0B0954}.Release|x86.Build.0 = Release|Win32
		{B7E26F09-A396-4A2A-A931-CA51CBB7E494}.Debug|x64.ActiveCfg = Debug|Win32
		{B7E26F09-A396-4A2A-A931-CA51CBB7E494}.Debug|x86.ActiveCfg = Debug|Win32
		{B7E26F09-A396-4A2A-A931-CA51CBB7E494}.Debug|x86.Build.0 = Debug|Win32
		{B7E26F09-A396-4A2A-A931-CA51CBB7E494}.Release|x64.ActiveCfg = Release|Win32
		{B7E26F09-A396-4A2A-A931-CA51CBB7E494}.Release|x86.ActiveCfg = Release|Win32
		{B7E26F09-A396-4A2A-A931-CA51CBB7E494}.Release|x86.Build.0 = Release|Win32
		{2B5C8F16-A1B2-483E-A656-D4BAAD543748}.Debug|x64.ActiveCfg = Debug|Win32
		{2B5C8F16-A1B2-483E-A656-D4BAAD543748}.Debug|x86.ActiveCfg = Debug|Win32
		{2B5C8F16-A1B2-483E-A656-D4BAAD543748}.Debug|x86.Build.0 = Debug|Win32
		{2B5C8F16-A1B2-483E-A656-D4BAAD543748}.Release|x64.ActiveCfg = Release|Win32
		{2B5C8F16-A1B2-483E-A656-D4BAAD543748}.Release|x86.ActiveCfg = Release|Win32
		{2B5C8F16-A1B2-483E-A656-D4BAAD543748}.Release|x86.Build.0 = Release|Win32
		{A09732C4-5DAF-4A55-8113-FC9C16E6E1AC}.Debug|x64.ActiveCfg = Debug|Win32
		{A09732C4-5DAF-4A55-8113-FC9C16E6E1AC}.Debug|x86.ActiveCfg = Debug|Win32
		{A09732C4-5DAF-4A55-8113-FC9C16E6E1AC}.Debug|x86.Build.0 = Debug|Win32
		{A09732C4-5DAF-4A55-8113-FC9C16E6E1AC}.Release|x64.ActiveCfg = Release|Win32
		{A09732C4-5DAF-4A55-8113-FC9C16E6E1AC}.Release|x86.ActiveCfg = Release|Win32
		{A09732C4-5DAF-4A55-8113-FC9C16E6E1AC}.Release|x86.Build.0 = Release|Win32
		{85BACE57-B0A7-4973-ABED-21A797957336}.Debug|x64.ActiveCfg = Debug|Win32
		{85BACE57-B0A7-4973-ABED-21A797957336}.Debug|x86.ActiveCfg = Debug|Win32
		{85BACE57-B0A7-4973-ABED-21A797957336}.Debug|x86.Build.0 = Debug|Win32
		{85BACE57-B0A7-4973-ABED-21A797957336}.Release|x64.ActiveCfg = Release|Win32
		{85BACE57-B0A7-4973-ABED-21A797957336}.Release|x86.ActiveCfg = Release|Win32
		{85BACE57-B0A7-4973-ABED-21A797957336}.Release|x86.Build.0 = Release|Win32
		{4EB4B8D0-D974-41CF-84A2-3D7372154628}.Debug|x64.ActiveCfg = Debug|Win32
		{4EB4B8D0-D974-41CF-84A2-3D7372154628}.Debug|x86.ActiveCfg = Debug|Win32
		{4EB4B8D0-D974-41CF-84A2-3D7372154628}.Debug|x86.Build.0 = Debug|Win32
		{4EB4B8D0-D974-41CF-84A2-3D7372154628}.Release|x64.ActiveCfg = Release|Win32
		{4EB4B8D0-D974-41CF-84A2-3D7372154628}.Release|x86.ActiveCfg = Release|Win32
		{4EB4B8D0-D974-41CF-84A2-3D7372154628}.Release|x86.Build.0 = Release|Win32
	EndGlobalSection
	GlobalSection(SolutionProperties) = preSolution
		HideSolutionNode = FALSE
	EndGlobalSection
	GlobalSection(NestedProjects) = preSolution
		{C5F80730-F44F-4478-BDAE-6634EFC2CA88} = {DAFF7B5B-F992-4240-A2C3-325CDF879207}
		{310AE150-35E3-4BB2-8BB1-271386CB6D14} = {DAFF7B5B-F992-4240-A2C3-325CDF879207}
		{840250F3-1D89-43C0-8A79-0AF332B35C77} = {F6E130F0-05BD-4FAF-B355-A1383A2B5428}
		{920A04A5-D4E8-4203-81E0-57A2E23AE6E3} = {F6E130F0-05BD-4FAF-B355-A1383A2B5428}
		{37BDA6B8-AE79-43F5-BF85-19E4344A5C34} = {F6E130F0-05BD-4FAF-B355-A1383A2B5428}
		{E939A552-6423-4C20-B9AE-DBD387BE10E2} = {F6E130F0-05BD-4FAF-B355-A1383A2B5428}
		{35FEA13C-2F20-48CA-97FE-B1375F716146} = {F6E130F0-05BD-4FAF-B355-A1383A2B5428}
		{9C526275-EED2-46DB-BF6D-642417C475E5} = {F6E130F0-05BD-4FAF-B355-A1383A2B5428}
		{61B5D505-F69F-403B-ABF5-5FAAC28A7C31} = {DAFF7B5B-F992-4240-A2C3-325CDF879207}
		{F459C357-DD44-4606-A50E-4622245851C4} = {F6E130F0-05BD-4FAF-B355-A1383A2B5428}
		{65E6EB77-6CD9-42D8-BFAE-1C542D2839AF} = {1348DC88-909A-41E4-8F3A-BCB757ECEAA3}
		{663BBF1E-46CE-4960-84AF-0AA5FE0B0954} = {DAFF7B5B-F992-4240-A2C3-325CDF879207}
		{B7E26F09-A396-4A2A-A931-CA51CBB7E494} = {835E8507-0886-4DBA-BAA1-9769DA3DD276}
		{2B5C8F16-A1B2-483E-A656-D4BAAD543748} = {835E8507-0886-4DBA-BAA1-9769DA3DD276}
		{A09732C4-5DAF-4A55-8113-FC9C16E6E1AC} = {1348DC88-909A-41E4-8F3A-BCB757ECEAA3}
		{85BACE57-B0A7-4973-ABED-21A797957336} = {F6E130F0-05BD-4FAF-B355-A1383A2B5428}
		{4EB4B8D0-D974-41CF-84A2-3D7372154628} = {DAFF7B5B-F992-4240-A2C3-325CDF879207}
	EndGlobalSection
EndGlobal
